
Microsoft Visual Studio Solution File, Format Version 12.00
Project("{FAE04EC0-301F-11D3-BF4B-00C04F79EFBC}") = "AssignmentIoC", "AssignmentIoC\AssignmentIoC.csproj", "{EBD8A146-C9E2-410D-AF02-01D58B481EBE}"
EndProject
Global
	GlobalSection(SolutionConfigurationPlatforms) = preSolution
		Debug|Any CPU = Debug|Any CPU
		Release|Any CPU = Release|Any CPU
	EndGlobalSection
	GlobalSection(ProjectConfigurationPlatforms) = postSolution
		{EBD8A146-C9E2-410D-AF02-01D58B481EBE}.Debug|Any CPU.ActiveCfg = Debug|Any CPU
		{EBD8A146-C9E2-410D-AF02-01D58B481EBE}.Debug|Any CPU.Build.0 = Debug|Any CPU
		{EBD8A146-C9E2-410D-AF02-01D58B481EBE}.Release|Any CPU.ActiveCfg = Release|Any CPU
		{EBD8A146-C9E2-410D-AF02-01D58B481EBE}.Release|Any CPU.Build.0 = Release|Any CPU
	EndGlobalSection
EndGlobal
